
Microsoft Visual Studio Solution File, Format Version 12.00
# Visual Studio Version 17
VisualStudioVersion = 17.7.34024.191
MinimumVisualStudioVersion = 10.0.40219.1
Project("{8BC9CEB8-8B4A-11D0-8D11-00A0C91BC942}") = "ConsoleApplication", "ConsoleApplication\ConsoleApplication.vcxproj", "{D7984606-5662-481E-9769-12977D750B6A}"
EndProject
Project("{2150E333-8FDC-42A3-9474-1A3956D46DE8}") = "GAME_ENGINE_", "GAME_ENGINE_", "{F44B8C28-B97E-451C-BDCD-A94E7E052953}"
EndProject
Project("{8BC9CEB8-8B4A-11D0-8D11-00A0C91BC942}") = "Js_Engine2D", "Js_Engine\Js_Engine.vcxproj", "{21E71E0E-D03D-488A-A17C-A30BD70D8CB9}"
EndProject
Project("{8BC9CEB8-8B4A-11D0-8D11-00A0C91BC942}") = "Js_Engine3D", "Js_Engine3D PROJECT\Js_Engine3D.vcxproj", "{6E94DDD3-52DF-437A-8CD8-5245B4E9B5AA}"
EndProject
Project("{2150E333-8FDC-42A3-9474-1A3956D46DE8}") = "DesignPattern", "DesignPattern", "{D12ACDD2-5423-4F61-8604-5EC6FB3DCE6E}"
EndProject
Project("{8BC9CEB8-8B4A-11D0-8D11-00A0C91BC942}") = "ObserverPattern", "ObserverPattern\ObserverPattern.vcxproj", "{5E997BAC-368C-449C-8FCB-3F51460D8768}"
EndProject
Project("{8BC9CEB8-8B4A-11D0-8D11-00A0C91BC942}") = "StatePattern", "StatePattern\StatePattern.vcxproj", "{958A86DB-EB24-4B33-B00F-B52430F41B6D}"
EndProject
Project("{8BC9CEB8-8B4A-11D0-8D11-00A0C91BC942}") = "ComponentPattern", "ComponentPattern\ComponentPattern.vcxproj", "{FA2448E3-7E8E-4A48-A6F7-3444E1E33E09}"
EndProject
Global
	GlobalSection(SolutionConfigurationPlatforms) = preSolution
		Debug|x64 = Debug|x64
		Debug|x86 = Debug|x86
		Release|x64 = Release|x64
		Release|x86 = Release|x86
	EndGlobalSection
	GlobalSection(ProjectConfigurationPlatforms) = postSolution
		{D7984606-5662-481E-9769-12977D750B6A}.Debug|x64.ActiveCfg = Debug|x64
		{D7984606-5662-481E-9769-12977D750B6A}.Debug|x64.Build.0 = Debug|x64
		{D7984606-5662-481E-9769-12977D750B6A}.Debug|x86.ActiveCfg = Debug|Win32
		{D7984606-5662-481E-9769-12977D750B6A}.Debug|x86.Build.0 = Debug|Win32
		{D7984606-5662-481E-9769-12977D750B6A}.Release|x64.ActiveCfg = Release|x64
		{D7984606-5662-481E-9769-12977D750B6A}.Release|x64.Build.0 = Release|x64
		{D7984606-5662-481E-9769-12977D750B6A}.Release|x86.ActiveCfg = Release|Win32
		{D7984606-5662-481E-9769-12977D750B6A}.Release|x86.Build.0 = Release|Win32
		{21E71E0E-D03D-488A-A17C-A30BD70D8CB9}.Debug|x64.ActiveCfg = Debug|x64
		{21E71E0E-D03D-488A-A17C-A30BD70D8CB9}.Debug|x64.Build.0 = Debug|x64
		{21E71E0E-D03D-488A-A17C-A30BD70D8CB9}.Debug|x86.ActiveCfg = Debug|Win32
		{21E71E0E-D03D-488A-A17C-A30BD70D8CB9}.Debug|x86.Build.0 = Debug|Win32
		{21E71E0E-D03D-488A-A17C-A30BD70D8CB9}.Release|x64.ActiveCfg = Release|x64
		{21E71E0E-D03D-488A-A17C-A30BD70D8CB9}.Release|x64.Build.0 = Release|x64
		{21E71E0E-D03D-488A-A17C-A30BD70D8CB9}.Release|x86.ActiveCfg = Release|Win32
		{21E71E0E-D03D-488A-A17C-A30BD70D8CB9}.Release|x86.Build.0 = Release|Win32
		{6E94DDD3-52DF-437A-8CD8-5245B4E9B5AA}.Debug|x64.ActiveCfg = Debug|x64
		{6E94DDD3-52DF-437A-8CD8-5245B4E9B5AA}.Debug|x64.Build.0 = Debug|x64
		{6E94DDD3-52DF-437A-8CD8-5245B4E9B5AA}.Debug|x86.ActiveCfg = Debug|Win32
		{6E94DDD3-52DF-437A-8CD8-5245B4E9B5AA}.Debug|x86.Build.0 = Debug|Win32
		{6E94DDD3-52DF-437A-8CD8-5245B4E9B5AA}.Release|x64.ActiveCfg = Release|x64
		{6E94DDD3-52DF-437A-8CD8-5245B4E9B5AA}.Release|x64.Build.0 = Release|x64
		{6E94DDD3-52DF-437A-8CD8-5245B4E9B5AA}.Release|x86.ActiveCfg = Release|Win32
		{6E94DDD3-52DF-437A-8CD8-5245B4E9B5AA}.Release|x86.Build.0 = Release|Win32
		{5E997BAC-368C-449C-8FCB-3F51460D8768}.Debug|x64.ActiveCfg = Debug|x64
		{5E997BAC-368C-449C-8FCB-3F51460D8768}.Debug|x64.Build.0 = Debug|x64
		{5E997BAC-368C-449C-8FCB-3F51460D8768}.Debug|x86.ActiveCfg = Debug|Win32
		{5E997BAC-368C-449C-8FCB-3F51460D8768}.Debug|x86.Build.0 = Debug|Win32
		{5E997BAC-368C-449C-8FCB-3F51460D8768}.Release|x64.ActiveCfg = Release|x64
		{5E997BAC-368C-449C-8FCB-3F51460D8768}.Release|x64.Build.0 = Release|x64
		{5E997BAC-368C-449C-8FCB-3F51460D8768}.Release|x86.ActiveCfg = Release|Win32
		{5E997BAC-368C-449C-8FCB-3F51460D8768}.Release|x86.Build.0 = Release|Win32
		{958A86DB-EB24-4B33-B00F-B52430F41B6D}.Debug|x64.ActiveCfg = Debug|x64
		{958A86DB-EB24-4B33-B00F-B52430F41B6D}.Debug|x64.Build.0 = Debug|x64
		{958A86DB-EB24-4B33-B00F-B52430F41B6D}.Debug|x86.ActiveCfg = Debug|Win32
		{958A86DB-EB24-4B33-B00F-B52430F41B6D}.Debug|x86.Build.0 = Debug|Win32
		{958A86DB-EB24-4B33-B00F-B52430F41B6D}.Release|x64.ActiveCfg = Release|x64
		{958A86DB-EB24-4B33-B00F-B52430F41B6D}.Release|x64.Build.0 = Release|x64
		{958A86DB-EB24-4B33-B00F-B52430F41B6D}.Release|x86.ActiveCfg = Release|Win32
		{958A86DB-EB24-4B33-B00F-B52430F41B6D}.Release|x86.Build.0 = Release|Win32
		{FA2448E3-7E8E-4A48-A6F7-3444E1E33E09}.Debug|x64.ActiveCfg = Debug|x64
		{FA2448E3-7E8E-4A48-A6F7-3444E1E33E09}.Debug|x64.Build.0 = Debug|x64
		{FA2448E3-7E8E-4A48-A6F7-3444E1E33E09}.Debug|x86.ActiveCfg = Debug|Win32
		{FA2448E3-7E8E-4A48-A6F7-3444E1E33E09}.Debug|x86.Build.0 = Debug|Win32
		{FA2448E3-7E8E-4A48-A6F7-3444E1E33E09}.Release|x64.ActiveCfg = Release|x64
		{FA2448E3-7E8E-4A48-A6F7-3444E1E33E09}.Release|x64.Build.0 = Release|x64
		{FA2448E3-7E8E-4A48-A6F7-3444E1E33E09}.Release|x86.ActiveCfg = Release|Win32
		{FA2448E3-7E8E-4A48-A6F7-3444E1E33E09}.Release|x86.Build.0 = Release|Win32
	EndGlobalSection
	GlobalSection(SolutionProperties) = preSolution
		HideSolutionNode = FALSE
	EndGlobalSection
	GlobalSection(NestedProjects) = preSolution
		{21E71E0E-D03D-488A-A17C-A30BD70D8CB9} = {F44B8C28-B97E-451C-BDCD-A94E7E052953}
		{6E94DDD3-52DF-437A-8CD8-5245B4E9B5AA} = {F44B8C28-B97E-451C-BDCD-A94E7E052953}
		{5E997BAC-368C-449C-8FCB-3F51460D8768} = {D12ACDD2-5423-4F61-8604-5EC6FB3DCE6E}
		{958A86DB-EB24-4B33-B00F-B52430F41B6D} = {D12ACDD2-5423-4F61-8604-5EC6FB3DCE6E}
		{FA2448E3-7E8E-4A48-A6F7-3444E1E33E09} = {D12ACDD2-5423-4F61-8604-5EC6FB3DCE6E}
	EndGlobalSection
	GlobalSection(ExtensibilityGlobals) = postSolution
		SolutionGuid = {F232A228-31F4-4348-919C-2542C962F4EF}
	EndGlobalSection
EndGlobal
