
Microsoft Visual Studio Solution File, Format Version 12.00
# Visual Studio Version 17
VisualStudioVersion = 17.7.34024.191
MinimumVisualStudioVersion = 10.0.40219.1
Project("{8BC9CEB8-8B4A-11D0-8D11-00A0C91BC942}") = "ConsoleApplication", "ConsoleApplication\ConsoleApplication.vcxproj", "{D7984606-5662-481E-9769-12977D750B6A}"
EndProject
Project("{2150E333-8FDC-42A3-9474-1A3956D46DE8}") = "GAME_ENGINE", "GAME_ENGINE", "{F44B8C28-B97E-451C-BDCD-A94E7E052953}"
EndProject
Project("{8BC9CEB8-8B4A-11D0-8D11-00A0C91BC942}") = "Js_Game", "Js_Game\Js_Game.vcxproj", "{9E1F802A-A526-4E57-B7BB-99E6EAFD5275}"
EndProject
Project("{8BC9CEB8-8B4A-11D0-8D11-00A0C91BC942}") = "Js_Library", "Js_Library\Js_Library.vcxproj", "{C57C9F0F-D26E-47C6-A9CF-B9CB418E7372}"
EndProject
Global
	GlobalSection(SolutionConfigurationPlatforms) = preSolution
		Debug|x64 = Debug|x64
		Debug|x86 = Debug|x86
		Release|x64 = Release|x64
		Release|x86 = Release|x86
	EndGlobalSection
	GlobalSection(ProjectConfigurationPlatforms) = postSolution
		{D7984606-5662-481E-9769-12977D750B6A}.Debug|x64.ActiveCfg = Debug|x64
		{D7984606-5662-481E-9769-12977D750B6A}.Debug|x64.Build.0 = Debug|x64
		{D7984606-5662-481E-9769-12977D750B6A}.Debug|x86.ActiveCfg = Debug|Win32
		{D7984606-5662-481E-9769-12977D750B6A}.Debug|x86.Build.0 = Debug|Win32
		{D7984606-5662-481E-9769-12977D750B6A}.Release|x64.ActiveCfg = Release|x64
		{D7984606-5662-481E-9769-12977D750B6A}.Release|x64.Build.0 = Release|x64
		{D7984606-5662-481E-9769-12977D750B6A}.Release|x86.ActiveCfg = Release|Win32
		{D7984606-5662-481E-9769-12977D750B6A}.Release|x86.Build.0 = Release|Win32
		{9E1F802A-A526-4E57-B7BB-99E6EAFD5275}.Debug|x64.ActiveCfg = Debug|x64
		{9E1F802A-A526-4E57-B7BB-99E6EAFD5275}.Debug|x64.Build.0 = Debug|x64
		{9E1F802A-A526-4E57-B7BB-99E6EAFD5275}.Debug|x86.ActiveCfg = Debug|Win32
		{9E1F802A-A526-4E57-B7BB-99E6EAFD5275}.Debug|x86.Build.0 = Debug|Win32
		{9E1F802A-A526-4E57-B7BB-99E6EAFD5275}.Release|x64.ActiveCfg = Release|x64
		{9E1F802A-A526-4E57-B7BB-99E6EAFD5275}.Release|x64.Build.0 = Release|x64
		{9E1F802A-A526-4E57-B7BB-99E6EAFD5275}.Release|x86.ActiveCfg = Release|Win32
		{9E1F802A-A526-4E57-B7BB-99E6EAFD5275}.Release|x86.Build.0 = Release|Win32
		{C57C9F0F-D26E-47C6-A9CF-B9CB418E7372}.Debug|x64.ActiveCfg = Debug|x64
		{C57C9F0F-D26E-47C6-A9CF-B9CB418E7372}.Debug|x64.Build.0 = Debug|x64
		{C57C9F0F-D26E-47C6-A9CF-B9CB418E7372}.Debug|x86.ActiveCfg = Debug|Win32
		{C57C9F0F-D26E-47C6-A9CF-B9CB418E7372}.Debug|x86.Build.0 = Debug|Win32
		{C57C9F0F-D26E-47C6-A9CF-B9CB418E7372}.Release|x64.ActiveCfg = Release|x64
		{C57C9F0F-D26E-47C6-A9CF-B9CB418E7372}.Release|x64.Build.0 = Release|x64
		{C57C9F0F-D26E-47C6-A9CF-B9CB418E7372}.Release|x86.ActiveCfg = Release|Win32
		{C57C9F0F-D26E-47C6-A9CF-B9CB418E7372}.Release|x86.Build.0 = Release|Win32
	EndGlobalSection
	GlobalSection(SolutionProperties) = preSolution
		HideSolutionNode = FALSE
	EndGlobalSection
	GlobalSection(NestedProjects) = preSolution
		{9E1F802A-A526-4E57-B7BB-99E6EAFD5275} = {F44B8C28-B97E-451C-BDCD-A94E7E052953}
		{C57C9F0F-D26E-47C6-A9CF-B9CB418E7372} = {F44B8C28-B97E-451C-BDCD-A94E7E052953}
	EndGlobalSection
	GlobalSection(ExtensibilityGlobals) = postSolution
		SolutionGuid = {F232A228-31F4-4348-919C-2542C962F4EF}
	EndGlobalSection
EndGlobal
