
Microsoft Visual Studio Solution File, Format Version 12.00
# Visual Studio Version 17
VisualStudioVersion = 17.7.34024.191
MinimumVisualStudioVersion = 10.0.40219.1
Project("{8BC9CEB8-8B4A-11D0-8D11-00A0C91BC942}") = "ConsoleApplication", "ConsoleApplication\ConsoleApplication.vcxproj", "{D7984606-5662-481E-9769-12977D750B6A}"
EndProject
Project("{2150E333-8FDC-42A3-9474-1A3956D46DE8}") = "GAME_ENGINE", "GAME_ENGINE", "{F44B8C28-B97E-451C-BDCD-A94E7E052953}"
EndProject
Project("{8BC9CEB8-8B4A-11D0-8D11-00A0C91BC942}") = "Js_Engine2D", "Js_Engine\Js_Engine.vcxproj", "{21E71E0E-D03D-488A-A17C-A30BD70D8CB9}"
EndProject
Project("{8BC9CEB8-8B4A-11D0-8D11-00A0C91BC942}") = "Js_Engine3D", "Js_Engine3D PROJECT\Js_Engine3D.vcxproj", "{6E94DDD3-52DF-437A-8CD8-5245B4E9B5AA}"
EndProject
Project("{2150E333-8FDC-42A3-9474-1A3956D46DE8}") = "DesignPattern", "DesignPattern", "{D12ACDD2-5423-4F61-8604-5EC6FB3DCE6E}"
EndProject
Project("{8BC9CEB8-8B4A-11D0-8D11-00A0C91BC942}") = "ObserverPattern", "ObserverPattern\ObserverPattern.vcxproj", "{5E997BAC-368C-449C-8FCB-3F51460D8768}"
EndProject
Project("{8BC9CEB8-8B4A-11D0-8D11-00A0C91BC942}") = "StatePattern", "StatePattern\StatePattern.vcxproj", "{958A86DB-EB24-4B33-B00F-B52430F41B6D}"
EndProject
Project("{8BC9CEB8-8B4A-11D0-8D11-00A0C91BC942}") = "ComponentPattern", "ComponentPattern\ComponentPattern.vcxproj", "{FA2448E3-7E8E-4A48-A6F7-3444E1E33E09}"
EndProject
Project("{8BC9CEB8-8B4A-11D0-8D11-00A0C91BC942}") = "Server", "Server\Server.vcxproj", "{F0EE8653-E973-4CF2-AEC4-03F46ECE1BE0}"
EndProject
Project("{2150E333-8FDC-42A3-9474-1A3956D46DE8}") = "GAME_SERVER", "GAME_SERVER", "{9C2AE6C1-9585-42DC-8631-36CCC837E4F3}"
EndProject
Project("{8BC9CEB8-8B4A-11D0-8D11-00A0C91BC942}") = "CommandPattern", "CommandPattern\CommandPattern.vcxproj", "{23751984-FF8C-49BC-94BD-0C06E8B1C320}"
EndProject
Project("{2150E333-8FDC-42A3-9474-1A3956D46DE8}") = "GAME", "GAME", "{23BFE563-3AC1-49BA-9C72-74019DBDFC2B}"
EndProject
Project("{8BC9CEB8-8B4A-11D0-8D11-00A0C91BC942}") = "CompositePattern", "Composite\Composite.vcxproj", "{08FA7712-E4A3-493F-A94A-BC66FEB85E7E}"
EndProject
Project("{8BC9CEB8-8B4A-11D0-8D11-00A0C91BC942}") = "PactoryPattern", "PactoryPattern\PactoryPattern.vcxproj", "{A29CDC33-EAED-4650-8BC5-91CFFC2BDAA7}"
EndProject
Project("{8BC9CEB8-8B4A-11D0-8D11-00A0C91BC942}") = "DecoratorPattern", "DecoratorPattern\DecoratorPattern.vcxproj", "{190C4B9B-0D99-42DD-B2C1-93D143A858B1}"
EndProject
Project("{8BC9CEB8-8B4A-11D0-8D11-00A0C91BC942}") = "BuilderPattern", "BuilderPattern\BuilderPattern.vcxproj", "{FA632917-DB2D-46CD-A123-6510B231E22D}"
EndProject
Project("{8BC9CEB8-8B4A-11D0-8D11-00A0C91BC942}") = "ProxyPattern", "ProxyPattern\ProxyPattern.vcxproj", "{C6DC1B11-3E06-46EE-9512-5302027D4C82}"
EndProject
Project("{8BC9CEB8-8B4A-11D0-8D11-00A0C91BC942}") = "Client", "Client\Client.vcxproj", "{FC8BFAF7-5345-44A9-870C-9EC6C0BC6936}"
EndProject
Project("{8BC9CEB8-8B4A-11D0-8D11-00A0C91BC942}") = "EngineLib", "EngineLib\EngineLib.vcxproj", "{5280D823-D01F-4C2E-ACF2-36898A04BFEB}"
EndProject
Project("{8BC9CEB8-8B4A-11D0-8D11-00A0C91BC942}") = "EngineClient", "EngineClient\EngineClient.vcxproj", "{8F63C32B-D415-43E8-B891-0C25220D1223}"
EndProject
Global
	GlobalSection(SolutionConfigurationPlatforms) = preSolution
		Debug|x64 = Debug|x64
		Debug|x86 = Debug|x86
		Release|x64 = Release|x64
		Release|x86 = Release|x86
	EndGlobalSection
	GlobalSection(ProjectConfigurationPlatforms) = postSolution
		{D7984606-5662-481E-9769-12977D750B6A}.Debug|x64.ActiveCfg = Debug|x64
		{D7984606-5662-481E-9769-12977D750B6A}.Debug|x64.Build.0 = Debug|x64
		{D7984606-5662-481E-9769-12977D750B6A}.Debug|x86.ActiveCfg = Debug|Win32
		{D7984606-5662-481E-9769-12977D750B6A}.Debug|x86.Build.0 = Debug|Win32
		{D7984606-5662-481E-9769-12977D750B6A}.Release|x64.ActiveCfg = Release|x64
		{D7984606-5662-481E-9769-12977D750B6A}.Release|x64.Build.0 = Release|x64
		{D7984606-5662-481E-9769-12977D750B6A}.Release|x86.ActiveCfg = Release|Win32
		{D7984606-5662-481E-9769-12977D750B6A}.Release|x86.Build.0 = Release|Win32
		{21E71E0E-D03D-488A-A17C-A30BD70D8CB9}.Debug|x64.ActiveCfg = Debug|x64
		{21E71E0E-D03D-488A-A17C-A30BD70D8CB9}.Debug|x64.Build.0 = Debug|x64
		{21E71E0E-D03D-488A-A17C-A30BD70D8CB9}.Debug|x86.ActiveCfg = Debug|Win32
		{21E71E0E-D03D-488A-A17C-A30BD70D8CB9}.Debug|x86.Build.0 = Debug|Win32
		{21E71E0E-D03D-488A-A17C-A30BD70D8CB9}.Release|x64.ActiveCfg = Release|x64
		{21E71E0E-D03D-488A-A17C-A30BD70D8CB9}.Release|x64.Build.0 = Release|x64
		{21E71E0E-D03D-488A-A17C-A30BD70D8CB9}.Release|x86.ActiveCfg = Release|Win32
		{21E71E0E-D03D-488A-A17C-A30BD70D8CB9}.Release|x86.Build.0 = Release|Win32
		{6E94DDD3-52DF-437A-8CD8-5245B4E9B5AA}.Debug|x64.ActiveCfg = Debug|x64
		{6E94DDD3-52DF-437A-8CD8-5245B4E9B5AA}.Debug|x64.Build.0 = Debug|x64
		{6E94DDD3-52DF-437A-8CD8-5245B4E9B5AA}.Debug|x86.ActiveCfg = Debug|Win32
		{6E94DDD3-52DF-437A-8CD8-5245B4E9B5AA}.Debug|x86.Build.0 = Debug|Win32
		{6E94DDD3-52DF-437A-8CD8-5245B4E9B5AA}.Release|x64.ActiveCfg = Release|x64
		{6E94DDD3-52DF-437A-8CD8-5245B4E9B5AA}.Release|x64.Build.0 = Release|x64
		{6E94DDD3-52DF-437A-8CD8-5245B4E9B5AA}.Release|x86.ActiveCfg = Release|Win32
		{6E94DDD3-52DF-437A-8CD8-5245B4E9B5AA}.Release|x86.Build.0 = Release|Win32
		{5E997BAC-368C-449C-8FCB-3F51460D8768}.Debug|x64.ActiveCfg = Debug|x64
		{5E997BAC-368C-449C-8FCB-3F51460D8768}.Debug|x64.Build.0 = Debug|x64
		{5E997BAC-368C-449C-8FCB-3F51460D8768}.Debug|x86.ActiveCfg = Debug|Win32
		{5E997BAC-368C-449C-8FCB-3F51460D8768}.Debug|x86.Build.0 = Debug|Win32
		{5E997BAC-368C-449C-8FCB-3F51460D8768}.Release|x64.ActiveCfg = Release|x64
		{5E997BAC-368C-449C-8FCB-3F51460D8768}.Release|x64.Build.0 = Release|x64
		{5E997BAC-368C-449C-8FCB-3F51460D8768}.Release|x86.ActiveCfg = Release|Win32
		{5E997BAC-368C-449C-8FCB-3F51460D8768}.Release|x86.Build.0 = Release|Win32
		{958A86DB-EB24-4B33-B00F-B52430F41B6D}.Debug|x64.ActiveCfg = Debug|x64
		{958A86DB-EB24-4B33-B00F-B52430F41B6D}.Debug|x64.Build.0 = Debug|x64
		{958A86DB-EB24-4B33-B00F-B52430F41B6D}.Debug|x86.ActiveCfg = Debug|Win32
		{958A86DB-EB24-4B33-B00F-B52430F41B6D}.Debug|x86.Build.0 = Debug|Win32
		{958A86DB-EB24-4B33-B00F-B52430F41B6D}.Release|x64.ActiveCfg = Release|x64
		{958A86DB-EB24-4B33-B00F-B52430F41B6D}.Release|x64.Build.0 = Release|x64
		{958A86DB-EB24-4B33-B00F-B52430F41B6D}.Release|x86.ActiveCfg = Release|Win32
		{958A86DB-EB24-4B33-B00F-B52430F41B6D}.Release|x86.Build.0 = Release|Win32
		{FA2448E3-7E8E-4A48-A6F7-3444E1E33E09}.Debug|x64.ActiveCfg = Debug|x64
		{FA2448E3-7E8E-4A48-A6F7-3444E1E33E09}.Debug|x64.Build.0 = Debug|x64
		{FA2448E3-7E8E-4A48-A6F7-3444E1E33E09}.Debug|x86.ActiveCfg = Debug|Win32
		{FA2448E3-7E8E-4A48-A6F7-3444E1E33E09}.Debug|x86.Build.0 = Debug|Win32
		{FA2448E3-7E8E-4A48-A6F7-3444E1E33E09}.Release|x64.ActiveCfg = Release|x64
		{FA2448E3-7E8E-4A48-A6F7-3444E1E33E09}.Release|x64.Build.0 = Release|x64
		{FA2448E3-7E8E-4A48-A6F7-3444E1E33E09}.Release|x86.ActiveCfg = Release|Win32
		{FA2448E3-7E8E-4A48-A6F7-3444E1E33E09}.Release|x86.Build.0 = Release|Win32
		{F0EE8653-E973-4CF2-AEC4-03F46ECE1BE0}.Debug|x64.ActiveCfg = Debug|x64
		{F0EE8653-E973-4CF2-AEC4-03F46ECE1BE0}.Debug|x64.Build.0 = Debug|x64
		{F0EE8653-E973-4CF2-AEC4-03F46ECE1BE0}.Debug|x86.ActiveCfg = Debug|Win32
		{F0EE8653-E973-4CF2-AEC4-03F46ECE1BE0}.Debug|x86.Build.0 = Debug|Win32
		{F0EE8653-E973-4CF2-AEC4-03F46ECE1BE0}.Release|x64.ActiveCfg = Release|x64
		{F0EE8653-E973-4CF2-AEC4-03F46ECE1BE0}.Release|x64.Build.0 = Release|x64
		{F0EE8653-E973-4CF2-AEC4-03F46ECE1BE0}.Release|x86.ActiveCfg = Release|Win32
		{F0EE8653-E973-4CF2-AEC4-03F46ECE1BE0}.Release|x86.Build.0 = Release|Win32
		{23751984-FF8C-49BC-94BD-0C06E8B1C320}.Debug|x64.ActiveCfg = Debug|x64
		{23751984-FF8C-49BC-94BD-0C06E8B1C320}.Debug|x64.Build.0 = Debug|x64
		{23751984-FF8C-49BC-94BD-0C06E8B1C320}.Debug|x86.ActiveCfg = Debug|Win32
		{23751984-FF8C-49BC-94BD-0C06E8B1C320}.Debug|x86.Build.0 = Debug|Win32
		{23751984-FF8C-49BC-94BD-0C06E8B1C320}.Release|x64.ActiveCfg = Release|x64
		{23751984-FF8C-49BC-94BD-0C06E8B1C320}.Release|x64.Build.0 = Release|x64
		{23751984-FF8C-49BC-94BD-0C06E8B1C320}.Release|x86.ActiveCfg = Release|Win32
		{23751984-FF8C-49BC-94BD-0C06E8B1C320}.Release|x86.Build.0 = Release|Win32
		{08FA7712-E4A3-493F-A94A-BC66FEB85E7E}.Debug|x64.ActiveCfg = Debug|x64
		{08FA7712-E4A3-493F-A94A-BC66FEB85E7E}.Debug|x64.Build.0 = Debug|x64
		{08FA7712-E4A3-493F-A94A-BC66FEB85E7E}.Debug|x86.ActiveCfg = Debug|Win32
		{08FA7712-E4A3-493F-A94A-BC66FEB85E7E}.Debug|x86.Build.0 = Debug|Win32
		{08FA7712-E4A3-493F-A94A-BC66FEB85E7E}.Release|x64.ActiveCfg = Release|x64
		{08FA7712-E4A3-493F-A94A-BC66FEB85E7E}.Release|x64.Build.0 = Release|x64
		{08FA7712-E4A3-493F-A94A-BC66FEB85E7E}.Release|x86.ActiveCfg = Release|Win32
		{08FA7712-E4A3-493F-A94A-BC66FEB85E7E}.Release|x86.Build.0 = Release|Win32
		{A29CDC33-EAED-4650-8BC5-91CFFC2BDAA7}.Debug|x64.ActiveCfg = Debug|x64
		{A29CDC33-EAED-4650-8BC5-91CFFC2BDAA7}.Debug|x64.Build.0 = Debug|x64
		{A29CDC33-EAED-4650-8BC5-91CFFC2BDAA7}.Debug|x86.ActiveCfg = Debug|Win32
		{A29CDC33-EAED-4650-8BC5-91CFFC2BDAA7}.Debug|x86.Build.0 = Debug|Win32
		{A29CDC33-EAED-4650-8BC5-91CFFC2BDAA7}.Release|x64.ActiveCfg = Release|x64
		{A29CDC33-EAED-4650-8BC5-91CFFC2BDAA7}.Release|x64.Build.0 = Release|x64
		{A29CDC33-EAED-4650-8BC5-91CFFC2BDAA7}.Release|x86.ActiveCfg = Release|Win32
		{A29CDC33-EAED-4650-8BC5-91CFFC2BDAA7}.Release|x86.Build.0 = Release|Win32
		{190C4B9B-0D99-42DD-B2C1-93D143A858B1}.Debug|x64.ActiveCfg = Debug|x64
		{190C4B9B-0D99-42DD-B2C1-93D143A858B1}.Debug|x64.Build.0 = Debug|x64
		{190C4B9B-0D99-42DD-B2C1-93D143A858B1}.Debug|x86.ActiveCfg = Debug|Win32
		{190C4B9B-0D99-42DD-B2C1-93D143A858B1}.Debug|x86.Build.0 = Debug|Win32
		{190C4B9B-0D99-42DD-B2C1-93D143A858B1}.Release|x64.ActiveCfg = Release|x64
		{190C4B9B-0D99-42DD-B2C1-93D143A858B1}.Release|x64.Build.0 = Release|x64
		{190C4B9B-0D99-42DD-B2C1-93D143A858B1}.Release|x86.ActiveCfg = Release|Win32
		{190C4B9B-0D99-42DD-B2C1-93D143A858B1}.Release|x86.Build.0 = Release|Win32
		{FA632917-DB2D-46CD-A123-6510B231E22D}.Debug|x64.ActiveCfg = Debug|x64
		{FA632917-DB2D-46CD-A123-6510B231E22D}.Debug|x64.Build.0 = Debug|x64
		{FA632917-DB2D-46CD-A123-6510B231E22D}.Debug|x86.ActiveCfg = Debug|Win32
		{FA632917-DB2D-46CD-A123-6510B231E22D}.Debug|x86.Build.0 = Debug|Win32
		{FA632917-DB2D-46CD-A123-6510B231E22D}.Release|x64.ActiveCfg = Release|x64
		{FA632917-DB2D-46CD-A123-6510B231E22D}.Release|x64.Build.0 = Release|x64
		{FA632917-DB2D-46CD-A123-6510B231E22D}.Release|x86.ActiveCfg = Release|Win32
		{FA632917-DB2D-46CD-A123-6510B231E22D}.Release|x86.Build.0 = Release|Win32
		{C6DC1B11-3E06-46EE-9512-5302027D4C82}.Debug|x64.ActiveCfg = Debug|x64
		{C6DC1B11-3E06-46EE-9512-5302027D4C82}.Debug|x64.Build.0 = Debug|x64
		{C6DC1B11-3E06-46EE-9512-5302027D4C82}.Debug|x86.ActiveCfg = Debug|Win32
		{C6DC1B11-3E06-46EE-9512-5302027D4C82}.Debug|x86.Build.0 = Debug|Win32
		{C6DC1B11-3E06-46EE-9512-5302027D4C82}.Release|x64.ActiveCfg = Release|x64
		{C6DC1B11-3E06-46EE-9512-5302027D4C82}.Release|x64.Build.0 = Release|x64
		{C6DC1B11-3E06-46EE-9512-5302027D4C82}.Release|x86.ActiveCfg = Release|Win32
		{C6DC1B11-3E06-46EE-9512-5302027D4C82}.Release|x86.Build.0 = Release|Win32
		{FC8BFAF7-5345-44A9-870C-9EC6C0BC6936}.Debug|x64.ActiveCfg = Debug|x64
		{FC8BFAF7-5345-44A9-870C-9EC6C0BC6936}.Debug|x64.Build.0 = Debug|x64
		{FC8BFAF7-5345-44A9-870C-9EC6C0BC6936}.Debug|x86.ActiveCfg = Debug|Win32
		{FC8BFAF7-5345-44A9-870C-9EC6C0BC6936}.Debug|x86.Build.0 = Debug|Win32
		{FC8BFAF7-5345-44A9-870C-9EC6C0BC6936}.Release|x64.ActiveCfg = Release|x64
		{FC8BFAF7-5345-44A9-870C-9EC6C0BC6936}.Release|x64.Build.0 = Release|x64
		{FC8BFAF7-5345-44A9-870C-9EC6C0BC6936}.Release|x86.ActiveCfg = Release|Win32
		{FC8BFAF7-5345-44A9-870C-9EC6C0BC6936}.Release|x86.Build.0 = Release|Win32
		{5280D823-D01F-4C2E-ACF2-36898A04BFEB}.Debug|x64.ActiveCfg = Debug|x64
		{5280D823-D01F-4C2E-ACF2-36898A04BFEB}.Debug|x64.Build.0 = Debug|x64
		{5280D823-D01F-4C2E-ACF2-36898A04BFEB}.Debug|x86.ActiveCfg = Debug|Win32
		{5280D823-D01F-4C2E-ACF2-36898A04BFEB}.Debug|x86.Build.0 = Debug|Win32
		{5280D823-D01F-4C2E-ACF2-36898A04BFEB}.Release|x64.ActiveCfg = Release|x64
		{5280D823-D01F-4C2E-ACF2-36898A04BFEB}.Release|x64.Build.0 = Release|x64
		{5280D823-D01F-4C2E-ACF2-36898A04BFEB}.Release|x86.ActiveCfg = Release|Win32
		{5280D823-D01F-4C2E-ACF2-36898A04BFEB}.Release|x86.Build.0 = Release|Win32
		{8F63C32B-D415-43E8-B891-0C25220D1223}.Debug|x64.ActiveCfg = Debug|x64
		{8F63C32B-D415-43E8-B891-0C25220D1223}.Debug|x64.Build.0 = Debug|x64
		{8F63C32B-D415-43E8-B891-0C25220D1223}.Debug|x86.ActiveCfg = Debug|Win32
		{8F63C32B-D415-43E8-B891-0C25220D1223}.Debug|x86.Build.0 = Debug|Win32
		{8F63C32B-D415-43E8-B891-0C25220D1223}.Release|x64.ActiveCfg = Release|x64
		{8F63C32B-D415-43E8-B891-0C25220D1223}.Release|x64.Build.0 = Release|x64
		{8F63C32B-D415-43E8-B891-0C25220D1223}.Release|x86.ActiveCfg = Release|Win32
		{8F63C32B-D415-43E8-B891-0C25220D1223}.Release|x86.Build.0 = Release|Win32
	EndGlobalSection
	GlobalSection(SolutionProperties) = preSolution
		HideSolutionNode = FALSE
	EndGlobalSection
	GlobalSection(NestedProjects) = preSolution
		{21E71E0E-D03D-488A-A17C-A30BD70D8CB9} = {F44B8C28-B97E-451C-BDCD-A94E7E052953}
		{6E94DDD3-52DF-437A-8CD8-5245B4E9B5AA} = {F44B8C28-B97E-451C-BDCD-A94E7E052953}
		{5E997BAC-368C-449C-8FCB-3F51460D8768} = {D12ACDD2-5423-4F61-8604-5EC6FB3DCE6E}
		{958A86DB-EB24-4B33-B00F-B52430F41B6D} = {D12ACDD2-5423-4F61-8604-5EC6FB3DCE6E}
		{FA2448E3-7E8E-4A48-A6F7-3444E1E33E09} = {D12ACDD2-5423-4F61-8604-5EC6FB3DCE6E}
		{F0EE8653-E973-4CF2-AEC4-03F46ECE1BE0} = {9C2AE6C1-9585-42DC-8631-36CCC837E4F3}
		{23751984-FF8C-49BC-94BD-0C06E8B1C320} = {D12ACDD2-5423-4F61-8604-5EC6FB3DCE6E}
		{08FA7712-E4A3-493F-A94A-BC66FEB85E7E} = {D12ACDD2-5423-4F61-8604-5EC6FB3DCE6E}
		{A29CDC33-EAED-4650-8BC5-91CFFC2BDAA7} = {D12ACDD2-5423-4F61-8604-5EC6FB3DCE6E}
		{190C4B9B-0D99-42DD-B2C1-93D143A858B1} = {D12ACDD2-5423-4F61-8604-5EC6FB3DCE6E}
		{FA632917-DB2D-46CD-A123-6510B231E22D} = {D12ACDD2-5423-4F61-8604-5EC6FB3DCE6E}
		{C6DC1B11-3E06-46EE-9512-5302027D4C82} = {D12ACDD2-5423-4F61-8604-5EC6FB3DCE6E}
		{FC8BFAF7-5345-44A9-870C-9EC6C0BC6936} = {9C2AE6C1-9585-42DC-8631-36CCC837E4F3}
		{5280D823-D01F-4C2E-ACF2-36898A04BFEB} = {23BFE563-3AC1-49BA-9C72-74019DBDFC2B}
		{8F63C32B-D415-43E8-B891-0C25220D1223} = {23BFE563-3AC1-49BA-9C72-74019DBDFC2B}
	EndGlobalSection
	GlobalSection(ExtensibilityGlobals) = postSolution
		SolutionGuid = {F232A228-31F4-4348-919C-2542C962F4EF}
	EndGlobalSection
EndGlobal
