<?xml version="1.0" encoding="utf-8"?>
<Project ToolsVersion="4.0" xmlns="http://schemas.microsoft.com/developer/msbuild/2003">
  <ItemGroup>
    <ClCompile Include="main.cpp" />
    <ClCompile Include="Js_Core.cpp">
      <Filter>소스 파일\00. Engine</Filter>
    </ClCompile>
    <ClCompile Include="Js_Device.cpp">
      <Filter>소스 파일\00. Engine</Filter>
    </ClCompile>
    <ClCompile Include="Js_Window.cpp">
      <Filter>소스 파일\00. Engine</Filter>
    </ClCompile>
    <ClCompile Include="Js_DxObject.cpp">
      <Filter>소스 파일\05. GameObject</Filter>
    </ClCompile>
    <ClCompile Include="Js_Time.cpp">
      <Filter>소스 파일\99. Header\00. Time</Filter>
    </ClCompile>
    <ClCompile Include="Js_Input.cpp">
      <Filter>소스 파일\99. Header\01. Input</Filter>
    </ClCompile>
    <ClCompile Include="Js_DxWrite.cpp">
      <Filter>소스 파일\99. Header\02. Font</Filter>
    </ClCompile>
    <ClCompile Include="Js_Collision.cpp">
      <Filter>소스 파일\02. Component</Filter>
    </ClCompile>
    <ClCompile Include="Js_Component.cpp">
      <Filter>소스 파일\02. Component</Filter>
    </ClCompile>
    <ClCompile Include="Js_Camera.cpp">
      <Filter>소스 파일\02. Component</Filter>
    </ClCompile>
    <ClCompile Include="Js_Transform.cpp">
      <Filter>소스 파일\02. Component</Filter>
    </ClCompile>
    <ClCompile Include="Js_VertexBuffer.cpp">
      <Filter>소스 파일\01. Graphics\01. InputAssembler</Filter>
    </ClCompile>
    <ClCompile Include="Js_Geometry.cpp">
      <Filter>소스 파일\01. Graphics\00. Geometry</Filter>
    </ClCompile>
    <ClCompile Include="Js_GeometryHelper.cpp">
      <Filter>소스 파일\01. Graphics\00. Geometry</Filter>
    </ClCompile>
    <ClCompile Include="TestObject.cpp" />
    <ClCompile Include="Js_VertexData.cpp">
      <Filter>소스 파일\01. Graphics\00. Geometry</Filter>
    </ClCompile>
    <ClCompile Include="Js_IndexBuffer.cpp">
      <Filter>소스 파일\01. Graphics\01. InputAssembler</Filter>
    </ClCompile>
    <ClCompile Include="Js_InputLayout.cpp">
      <Filter>소스 파일\01. Graphics\01. InputAssembler</Filter>
    </ClCompile>
    <ClCompile Include="Js_Shader.cpp">
      <Filter>소스 파일\01. Graphics\02. VertexShader</Filter>
    </ClCompile>
    <ClCompile Include="Js_ConstantBuffer.cpp">
      <Filter>소스 파일\01. Graphics\02. VertexShader</Filter>
    </ClCompile>
    <ClCompile Include="Js_RasterizerState.cpp">
      <Filter>소스 파일\01. Graphics\03. Rasterizer</Filter>
    </ClCompile>
    <ClCompile Include="Js_Texture.cpp">
      <Filter>소스 파일\01. Graphics\04. PixelShader</Filter>
    </ClCompile>
    <ClCompile Include="Js_BlendState.cpp">
      <Filter>소스 파일\01. Graphics\05. OutputMerger</Filter>
    </ClCompile>
    <ClCompile Include="Js_SamplerState.cpp">
      <Filter>소스 파일\01. Graphics\04. PixelShader</Filter>
    </ClCompile>
    <ClCompile Include="Js_Pipeline.cpp">
      <Filter>소스 파일\01. Graphics</Filter>
    </ClCompile>
    <ClCompile Include="Js_MonoBehaviour.cpp">
      <Filter>소스 파일\02. Component</Filter>
    </ClCompile>
    <ClCompile Include="Js_MoveScripts.cpp">
      <Filter>소스 파일\04. Scripts</Filter>
    </ClCompile>
  </ItemGroup>
  <ItemGroup>
    <ClInclude Include="Js_Core.h">
      <Filter>소스 파일\00. Engine</Filter>
    </ClInclude>
    <ClInclude Include="Js_Device.h">
      <Filter>소스 파일\00. Engine</Filter>
    </ClInclude>
    <ClInclude Include="Js_Window.h">
      <Filter>소스 파일\00. Engine</Filter>
    </ClInclude>
    <ClInclude Include="Js_DxObject.h">
      <Filter>소스 파일\05. GameObject</Filter>
    </ClInclude>
    <ClInclude Include="Js_Time.h">
      <Filter>소스 파일\99. Header\00. Time</Filter>
    </ClInclude>
    <ClInclude Include="Js_Input.h">
      <Filter>소스 파일\99. Header\01. Input</Filter>
    </ClInclude>
    <ClInclude Include="std.h">
      <Filter>소스 파일\99. Header\99. Utils</Filter>
    </ClInclude>
    <ClInclude Include="struct.h">
      <Filter>소스 파일\99. Header\99. Utils</Filter>
    </ClInclude>
    <ClInclude Include="Entity.h">
      <Filter>소스 파일\99. Header\99. Utils</Filter>
    </ClInclude>
    <ClInclude Include="macro.h">
      <Filter>소스 파일\99. Header\99. Utils</Filter>
    </ClInclude>
    <ClInclude Include="type.h">
      <Filter>소스 파일\99. Header\99. Utils</Filter>
    </ClInclude>
    <ClInclude Include="value.h">
      <Filter>소스 파일\99. Header\99. Utils</Filter>
    </ClInclude>
    <ClInclude Include="targetver.h">
      <Filter>소스 파일\99. Header\98. Etc</Filter>
    </ClInclude>
    <ClInclude Include="Resource.h">
      <Filter>소스 파일\99. Header\98. Etc</Filter>
    </ClInclude>
    <ClInclude Include="Js_Engine.h">
      <Filter>소스 파일\99. Header\98. Etc</Filter>
    </ClInclude>
    <ClInclude Include="framework.h">
      <Filter>소스 파일\99. Header\98. Etc</Filter>
    </ClInclude>
    <ClInclude Include="Js_DxWrite.h">
      <Filter>소스 파일\99. Header\02. Font</Filter>
    </ClInclude>
    <ClInclude Include="Js_Collision.h">
      <Filter>소스 파일\02. Component</Filter>
    </ClInclude>
    <ClInclude Include="Js_Component.h">
      <Filter>소스 파일\02. Component</Filter>
    </ClInclude>
    <ClInclude Include="Js_Camera.h">
      <Filter>소스 파일\02. Component</Filter>
    </ClInclude>
    <ClInclude Include="Js_Transform.h">
      <Filter>소스 파일\02. Component</Filter>
    </ClInclude>
    <ClInclude Include="Js_VertexBuffer.h">
      <Filter>소스 파일\01. Graphics\01. InputAssembler</Filter>
    </ClInclude>
    <ClInclude Include="Js_Geometry.h">
      <Filter>소스 파일\01. Graphics\00. Geometry</Filter>
    </ClInclude>
    <ClInclude Include="Js_GeometryHelper.h">
      <Filter>소스 파일\01. Graphics\00. Geometry</Filter>
    </ClInclude>
    <ClInclude Include="TestObject.h" />
    <ClInclude Include="Js_VertexData.h">
      <Filter>소스 파일\01. Graphics\00. Geometry</Filter>
    </ClInclude>
    <ClInclude Include="Js_IndexBuffer.h">
      <Filter>소스 파일\01. Graphics\01. InputAssembler</Filter>
    </ClInclude>
    <ClInclude Include="Js_InputLayout.h">
      <Filter>소스 파일\01. Graphics\01. InputAssembler</Filter>
    </ClInclude>
    <ClInclude Include="Js_Shader.h">
      <Filter>소스 파일\01. Graphics\02. VertexShader</Filter>
    </ClInclude>
    <ClInclude Include="Js_ConstantBuffer.h">
      <Filter>소스 파일\01. Graphics\02. VertexShader</Filter>
    </ClInclude>
    <ClInclude Include="Js_RasterizerState.h">
      <Filter>소스 파일\01. Graphics\03. Rasterizer</Filter>
    </ClInclude>
    <ClInclude Include="Js_Texture.h">
      <Filter>소스 파일\01. Graphics\04. PixelShader</Filter>
    </ClInclude>
    <ClInclude Include="Js_BlendState.h">
      <Filter>소스 파일\01. Graphics\05. OutputMerger</Filter>
    </ClInclude>
    <ClInclude Include="Js_SamplerState.h">
      <Filter>소스 파일\01. Graphics\04. PixelShader</Filter>
    </ClInclude>
    <ClInclude Include="Js_Pipeline.h">
      <Filter>소스 파일\01. Graphics</Filter>
    </ClInclude>
    <ClInclude Include="Js_MonoBehaviour.h">
      <Filter>소스 파일\02. Component</Filter>
    </ClInclude>
    <ClInclude Include="Js_MoveScripts.h">
      <Filter>소스 파일\04. Scripts</Filter>
    </ClInclude>
  </ItemGroup>
  <ItemGroup>
    <Image Include="Js_Engine.ico">
      <Filter>리소스 파일</Filter>
    </Image>
    <Image Include="small.ico">
      <Filter>리소스 파일</Filter>
    </Image>
  </ItemGroup>
  <ItemGroup>
    <Text Include="PS.txt">
      <Filter>소스 파일\98. Shader</Filter>
    </Text>
    <Text Include="VS.txt">
      <Filter>소스 파일\98. Shader</Filter>
    </Text>
  </ItemGroup>
  <ItemGroup>
    <Filter Include="리소스 파일">
      <UniqueIdentifier>{d7100b54-631b-4bd8-9af2-c3566f9ccb10}</UniqueIdentifier>
    </Filter>
    <Filter Include="소스 파일">
      <UniqueIdentifier>{d2cf5fa0-4450-4e36-8faa-7411f2f0e86b}</UniqueIdentifier>
    </Filter>
    <Filter Include="소스 파일\00. Engine">
      <UniqueIdentifier>{21a43c1b-997c-4a2c-9f2a-f84c4b64ef98}</UniqueIdentifier>
    </Filter>
    <Filter Include="소스 파일\98. Shader">
      <UniqueIdentifier>{03d1997b-c7c6-49ad-b7dd-d16d7a7846cc}</UniqueIdentifier>
    </Filter>
    <Filter Include="소스 파일\99. Header">
      <UniqueIdentifier>{93acba8f-e4b0-4611-adb4-e57ef490e31e}</UniqueIdentifier>
    </Filter>
    <Filter Include="소스 파일\99. Header\00. Time">
      <UniqueIdentifier>{7e7d4670-5cd0-4483-a5db-2895638e2c20}</UniqueIdentifier>
    </Filter>
    <Filter Include="소스 파일\99. Header\01. Input">
      <UniqueIdentifier>{52e8d060-1077-4666-90a9-a077636431d9}</UniqueIdentifier>
    </Filter>
    <Filter Include="소스 파일\99. Header\99. Utils">
      <UniqueIdentifier>{51c6ca69-82b8-4b31-950f-152c327f345e}</UniqueIdentifier>
    </Filter>
    <Filter Include="소스 파일\99. Header\03. Write">
      <UniqueIdentifier>{42464717-5cdf-4753-9d0e-e8133182a774}</UniqueIdentifier>
    </Filter>
    <Filter Include="소스 파일\99. Header\98. Etc">
      <UniqueIdentifier>{72859e4c-cf67-4b36-a7df-58a35280df0a}</UniqueIdentifier>
    </Filter>
    <Filter Include="소스 파일\99. Header\02. Font">
      <UniqueIdentifier>{58907359-fbd0-45e7-8684-a14bbe0e633a}</UniqueIdentifier>
    </Filter>
    <Filter Include="소스 파일\05. GameObject">
      <UniqueIdentifier>{f1d04c6d-27bd-4457-82a8-17650714ab57}</UniqueIdentifier>
    </Filter>
    <Filter Include="소스 파일\01. Graphics">
      <UniqueIdentifier>{0cb8be80-8591-455c-9312-618567b70be2}</UniqueIdentifier>
    </Filter>
    <Filter Include="소스 파일\01. Graphics\00. Geometry">
      <UniqueIdentifier>{045d34a7-b407-43d7-aa4c-394b4124c42c}</UniqueIdentifier>
    </Filter>
    <Filter Include="소스 파일\02. Component">
      <UniqueIdentifier>{d21a25fa-88e2-4333-bf8c-faf172a7f5fb}</UniqueIdentifier>
    </Filter>
    <Filter Include="소스 파일\01. Graphics\01. InputAssembler">
      <UniqueIdentifier>{13a850a2-bb9e-40d5-ba23-94ece77581fd}</UniqueIdentifier>
    </Filter>
    <Filter Include="소스 파일\01. Graphics\02. VertexShader">
      <UniqueIdentifier>{44a96b03-33dd-42d3-950b-ae3629f76619}</UniqueIdentifier>
    </Filter>
    <Filter Include="소스 파일\01. Graphics\03. Rasterizer">
      <UniqueIdentifier>{403ded74-4d7e-4926-9a8b-f49b2223a512}</UniqueIdentifier>
    </Filter>
    <Filter Include="소스 파일\01. Graphics\04. PixelShader">
      <UniqueIdentifier>{f86ae00a-67a2-4c6d-b6e7-51c3566a855a}</UniqueIdentifier>
    </Filter>
    <Filter Include="소스 파일\01. Graphics\05. OutputMerger">
      <UniqueIdentifier>{bb674cf5-674e-415e-b44f-5acff175d0d2}</UniqueIdentifier>
    </Filter>
    <Filter Include="소스 파일\03. Resource">
      <UniqueIdentifier>{0c70e67b-5e98-4f6d-81d6-7417688b15cd}</UniqueIdentifier>
    </Filter>
    <Filter Include="소스 파일\04. Scripts">
      <UniqueIdentifier>{b80293d9-8fc8-4e97-a4d7-bf94e2b9a40a}</UniqueIdentifier>
    </Filter>
  </ItemGroup>
  <ItemGroup>
    <ResourceCompile Include="Js_Engine.rc">
      <Filter>리소스 파일</Filter>
    </ResourceCompile>
  </ItemGroup>
  <ItemGroup>
    <FxCompile Include="Default.hlsl">
      <Filter>소스 파일\98. Shader</Filter>
    </FxCompile>
  </ItemGroup>
</Project>