<?xml version="1.0" encoding="utf-8"?>
<Project ToolsVersion="4.0" xmlns="http://schemas.microsoft.com/developer/msbuild/2003">
  <ItemGroup>
    <Filter Include="리소스 파일">
      <UniqueIdentifier>{67DA6AB6-F800-4c08-8B7A-83BB121AAD01}</UniqueIdentifier>
      <Extensions>rc;ico;cur;bmp;dlg;rc2;rct;bin;rgs;gif;jpg;jpeg;jpe;resx;tiff;tif;png;wav;mfcribbon-ms</Extensions>
    </Filter>
    <Filter Include="소스 파일">
      <UniqueIdentifier>{0cb02dd4-5292-40c2-a004-628c241efbba}</UniqueIdentifier>
    </Filter>
    <Filter Include="소스 파일\00. Engine">
      <UniqueIdentifier>{cabfb364-35ab-40b4-a7ad-e40dda1a791b}</UniqueIdentifier>
    </Filter>
    <Filter Include="소스 파일\00. Engine\00. Window">
      <UniqueIdentifier>{34c15a6c-8c5a-4c48-ba33-4b87a5603245}</UniqueIdentifier>
    </Filter>
    <Filter Include="소스 파일\00. Engine\01. Device">
      <UniqueIdentifier>{518c5e18-bac5-40ba-884a-c3e52cd72822}</UniqueIdentifier>
    </Filter>
    <Filter Include="소스 파일\00. Engine\02. Core">
      <UniqueIdentifier>{0d1fc116-fa2b-4097-aa0d-1362d632d92d}</UniqueIdentifier>
    </Filter>
    <Filter Include="소스 파일\99. Shader">
      <UniqueIdentifier>{ce00af92-59e5-43f6-8cc3-0093cfb157e9}</UniqueIdentifier>
    </Filter>
    <Filter Include="소스 파일\98. Header">
      <UniqueIdentifier>{f552c11a-b819-4a1c-8fa5-bf459d6c3e31}</UniqueIdentifier>
    </Filter>
    <Filter Include="소스 파일\98. Header\Etc">
      <UniqueIdentifier>{c531e59f-7d30-460b-876a-f76165ebb65a}</UniqueIdentifier>
    </Filter>
    <Filter Include="소스 파일\98. Header\Input">
      <UniqueIdentifier>{1b8e875c-9560-498f-b4eb-cac6d08537b8}</UniqueIdentifier>
    </Filter>
    <Filter Include="소스 파일\98. Header\Time">
      <UniqueIdentifier>{9378a658-15f8-45aa-a6be-62c9cba737bc}</UniqueIdentifier>
    </Filter>
    <Filter Include="소스 파일\98. Header\WriteFont">
      <UniqueIdentifier>{951726b9-f4ac-427a-aabc-5d8a41db87c2}</UniqueIdentifier>
    </Filter>
    <Filter Include="소스 파일\02. Component">
      <UniqueIdentifier>{60f3ce2e-ca51-4bdd-a544-f0f53a41dff6}</UniqueIdentifier>
    </Filter>
    <Filter Include="소스 파일\01. Graphics">
      <UniqueIdentifier>{ed05993b-5bbb-4122-ad20-73a6280bc34e}</UniqueIdentifier>
    </Filter>
    <Filter Include="소스 파일\10. GameObject">
      <UniqueIdentifier>{af4505e2-8bea-49f9-a494-842dd07ff5df}</UniqueIdentifier>
    </Filter>
    <Filter Include="소스 파일\10. GameObject\00. DxObject">
      <UniqueIdentifier>{3a7f303b-4510-4eb8-b6c8-eb583a75db71}</UniqueIdentifier>
    </Filter>
    <Filter Include="소스 파일\04. Scene">
      <UniqueIdentifier>{292637ce-bc02-4d53-84d2-27ce765827a6}</UniqueIdentifier>
    </Filter>
    <Filter Include="소스 파일\03. Resource">
      <UniqueIdentifier>{be2d7c1a-75ea-45d9-a96e-2fb836c82133}</UniqueIdentifier>
    </Filter>
  </ItemGroup>
  <ItemGroup>
    <ClInclude Include="framework.h">
      <Filter>소스 파일\98. Header\Etc</Filter>
    </ClInclude>
    <ClInclude Include="Js_Engine.h">
      <Filter>소스 파일\98. Header\Etc</Filter>
    </ClInclude>
    <ClInclude Include="Resource.h">
      <Filter>소스 파일\98. Header\Etc</Filter>
    </ClInclude>
    <ClInclude Include="targetver.h">
      <Filter>소스 파일\98. Header\Etc</Filter>
    </ClInclude>
    <ClInclude Include="std.h">
      <Filter>소스 파일\98. Header</Filter>
    </ClInclude>
    <ClInclude Include="Js_Input.h">
      <Filter>소스 파일\98. Header\Input</Filter>
    </ClInclude>
    <ClInclude Include="Js_Time.h">
      <Filter>소스 파일\98. Header\Time</Filter>
    </ClInclude>
    <ClInclude Include="Js_DxWrite.h">
      <Filter>소스 파일\98. Header\WriteFont</Filter>
    </ClInclude>
    <ClInclude Include="Js_Window.h">
      <Filter>소스 파일\00. Engine\00. Window</Filter>
    </ClInclude>
    <ClInclude Include="Js_Device.h">
      <Filter>소스 파일\00. Engine\01. Device</Filter>
    </ClInclude>
    <ClInclude Include="Js_Core.h">
      <Filter>소스 파일\00. Engine\02. Core</Filter>
    </ClInclude>
    <ClInclude Include="Js_DxObject.h">
      <Filter>소스 파일\10. GameObject\00. DxObject</Filter>
    </ClInclude>
    <ClInclude Include="macro.h">
      <Filter>소스 파일\98. Header</Filter>
    </ClInclude>
    <ClInclude Include="value.h">
      <Filter>소스 파일\98. Header</Filter>
    </ClInclude>
    <ClInclude Include="struct.h">
      <Filter>소스 파일\98. Header</Filter>
    </ClInclude>
    <ClInclude Include="type.h">
      <Filter>소스 파일\98. Header</Filter>
    </ClInclude>
    <ClInclude Include="Scene.h">
      <Filter>소스 파일\04. Scene</Filter>
    </ClInclude>
    <ClInclude Include="Entity.h">
      <Filter>소스 파일\98. Header</Filter>
    </ClInclude>
    <ClInclude Include="SceneMgr.h">
      <Filter>소스 파일\04. Scene</Filter>
    </ClInclude>
    <ClInclude Include="Js_GameObject.h">
      <Filter>소스 파일\10. GameObject\00. DxObject</Filter>
    </ClInclude>
  </ItemGroup>
  <ItemGroup>
    <ResourceCompile Include="Js_Engine.rc">
      <Filter>리소스 파일</Filter>
    </ResourceCompile>
  </ItemGroup>
  <ItemGroup>
    <Image Include="small.ico">
      <Filter>리소스 파일</Filter>
    </Image>
    <Image Include="Js_Engine.ico">
      <Filter>리소스 파일</Filter>
    </Image>
  </ItemGroup>
  <ItemGroup>
    <ClCompile Include="main.cpp" />
    <ClCompile Include="Js_Input.cpp">
      <Filter>소스 파일\98. Header\Input</Filter>
    </ClCompile>
    <ClCompile Include="Js_Time.cpp">
      <Filter>소스 파일\98. Header\Time</Filter>
    </ClCompile>
    <ClCompile Include="Js_DxWrite.cpp">
      <Filter>소스 파일\98. Header\WriteFont</Filter>
    </ClCompile>
    <ClCompile Include="Js_Window.cpp">
      <Filter>소스 파일\00. Engine\00. Window</Filter>
    </ClCompile>
    <ClCompile Include="Js_Device.cpp">
      <Filter>소스 파일\00. Engine\01. Device</Filter>
    </ClCompile>
    <ClCompile Include="Js_Core.cpp">
      <Filter>소스 파일\00. Engine\02. Core</Filter>
    </ClCompile>
    <ClCompile Include="Js_DxObject.cpp">
      <Filter>소스 파일\10. GameObject\00. DxObject</Filter>
    </ClCompile>
    <ClCompile Include="Scene.cpp">
      <Filter>소스 파일\04. Scene</Filter>
    </ClCompile>
    <ClCompile Include="SceneMgr.cpp">
      <Filter>소스 파일\04. Scene</Filter>
    </ClCompile>
    <ClCompile Include="Js_GameObject.cpp">
      <Filter>소스 파일\10. GameObject\00. DxObject</Filter>
    </ClCompile>
  </ItemGroup>
  <ItemGroup>
    <Text Include="PS.txt">
      <Filter>소스 파일\99. Shader</Filter>
    </Text>
    <Text Include="VS.txt">
      <Filter>소스 파일\99. Shader</Filter>
    </Text>
  </ItemGroup>
  <ItemGroup>
    <FxCompile Include="Default.hlsl">
      <Filter>소스 파일\99. Shader</Filter>
    </FxCompile>
  </ItemGroup>
</Project>