<?xml version="1.0" encoding="utf-8"?>
<Project ToolsVersion="4.0" xmlns="http://schemas.microsoft.com/developer/msbuild/2003">
  <ItemGroup>
    <ClCompile Include="Js_DxObject.cpp">
      <Filter>소스 파일</Filter>
    </ClCompile>
    <ClCompile Include="main.cpp" />
    <ClCompile Include="Js_Core.cpp">
      <Filter>소스 파일\00. Engine</Filter>
    </ClCompile>
    <ClCompile Include="Js_Device.cpp">
      <Filter>소스 파일\00. Engine</Filter>
    </ClCompile>
    <ClCompile Include="Js_Input.cpp">
      <Filter>소스 파일\99. Header</Filter>
    </ClCompile>
    <ClCompile Include="Js_Time.cpp">
      <Filter>소스 파일\99. Header</Filter>
    </ClCompile>
    <ClCompile Include="Js_Window.cpp">
      <Filter>소스 파일\00. Engine</Filter>
    </ClCompile>
    <ClCompile Include="Js_DxWrite.cpp">
      <Filter>소스 파일\99. Header</Filter>
    </ClCompile>
    <ClCompile Include="Geometry.cpp">
      <Filter>소스 파일\01. Graphics\00. Geometry</Filter>
    </ClCompile>
    <ClCompile Include="VertexData.cpp">
      <Filter>소스 파일\01. Graphics\00. Geometry</Filter>
    </ClCompile>
    <ClCompile Include="Pipeline.cpp">
      <Filter>소스 파일\01. Graphics</Filter>
    </ClCompile>
  </ItemGroup>
  <ItemGroup>
    <ClInclude Include="Js_DxObject.h">
      <Filter>소스 파일</Filter>
    </ClInclude>
    <ClInclude Include="Js_Core.h">
      <Filter>소스 파일\00. Engine</Filter>
    </ClInclude>
    <ClInclude Include="Js_Device.h">
      <Filter>소스 파일\00. Engine</Filter>
    </ClInclude>
    <ClInclude Include="framework.h">
      <Filter>소스 파일\99. Header</Filter>
    </ClInclude>
    <ClInclude Include="Entity.h">
      <Filter>소스 파일\99. Header</Filter>
    </ClInclude>
    <ClInclude Include="Js_Input.h">
      <Filter>소스 파일\99. Header</Filter>
    </ClInclude>
    <ClInclude Include="macro.h">
      <Filter>소스 파일\99. Header</Filter>
    </ClInclude>
    <ClInclude Include="Resource.h">
      <Filter>소스 파일\99. Header</Filter>
    </ClInclude>
    <ClInclude Include="Js_Time.h">
      <Filter>소스 파일\99. Header</Filter>
    </ClInclude>
    <ClInclude Include="Js_Window.h">
      <Filter>소스 파일\00. Engine</Filter>
    </ClInclude>
    <ClInclude Include="Js_DxWrite.h">
      <Filter>소스 파일\99. Header</Filter>
    </ClInclude>
    <ClInclude Include="std.h">
      <Filter>소스 파일\99. Header</Filter>
    </ClInclude>
    <ClInclude Include="struct.h">
      <Filter>소스 파일\99. Header</Filter>
    </ClInclude>
    <ClInclude Include="targetver.h">
      <Filter>소스 파일\99. Header</Filter>
    </ClInclude>
    <ClInclude Include="type.h">
      <Filter>소스 파일\99. Header</Filter>
    </ClInclude>
    <ClInclude Include="value.h">
      <Filter>소스 파일\99. Header</Filter>
    </ClInclude>
    <ClInclude Include="Js_Engine.h">
      <Filter>소스 파일\99. Header</Filter>
    </ClInclude>
    <ClInclude Include="Geometry.h">
      <Filter>소스 파일\01. Graphics\00. Geometry</Filter>
    </ClInclude>
    <ClInclude Include="VertexData.h">
      <Filter>소스 파일\01. Graphics\00. Geometry</Filter>
    </ClInclude>
    <ClInclude Include="Pipeline.h">
      <Filter>소스 파일\01. Graphics</Filter>
    </ClInclude>
  </ItemGroup>
  <ItemGroup>
    <Image Include="Js_Engine.ico">
      <Filter>리소스 파일</Filter>
    </Image>
    <Image Include="small.ico">
      <Filter>리소스 파일</Filter>
    </Image>
  </ItemGroup>
  <ItemGroup>
    <Text Include="PS.txt">
      <Filter>소스 파일\98. Shader</Filter>
    </Text>
    <Text Include="VS.txt">
      <Filter>소스 파일\98. Shader</Filter>
    </Text>
  </ItemGroup>
  <ItemGroup>
    <Filter Include="리소스 파일">
      <UniqueIdentifier>{d7100b54-631b-4bd8-9af2-c3566f9ccb10}</UniqueIdentifier>
    </Filter>
    <Filter Include="소스 파일">
      <UniqueIdentifier>{d2cf5fa0-4450-4e36-8faa-7411f2f0e86b}</UniqueIdentifier>
    </Filter>
    <Filter Include="소스 파일\00. Engine">
      <UniqueIdentifier>{21a43c1b-997c-4a2c-9f2a-f84c4b64ef98}</UniqueIdentifier>
    </Filter>
    <Filter Include="소스 파일\99. Header">
      <UniqueIdentifier>{93acba8f-e4b0-4611-adb4-e57ef490e31e}</UniqueIdentifier>
    </Filter>
    <Filter Include="소스 파일\98. Shader">
      <UniqueIdentifier>{03d1997b-c7c6-49ad-b7dd-d16d7a7846cc}</UniqueIdentifier>
    </Filter>
    <Filter Include="소스 파일\01. Graphics">
      <UniqueIdentifier>{0cb8be80-8591-455c-9312-618567b70be2}</UniqueIdentifier>
    </Filter>
    <Filter Include="소스 파일\01. Graphics\00. Geometry">
      <UniqueIdentifier>{045d34a7-b407-43d7-aa4c-394b4124c42c}</UniqueIdentifier>
    </Filter>
  </ItemGroup>
  <ItemGroup>
    <ResourceCompile Include="Js_Engine.rc">
      <Filter>리소스 파일</Filter>
    </ResourceCompile>
  </ItemGroup>
  <ItemGroup>
    <FxCompile Include="Default.hlsl">
      <Filter>소스 파일\98. Shader</Filter>
    </FxCompile>
  </ItemGroup>
</Project>