<?xml version="1.0" encoding="utf-8"?>
<Project ToolsVersion="4.0" xmlns="http://schemas.microsoft.com/developer/msbuild/2003">
  <ItemGroup>
    <ClCompile Include="main.cpp" />
    <ClCompile Include="Js_Core.cpp">
      <Filter>소스 파일\00. Engine</Filter>
    </ClCompile>
    <ClCompile Include="Js_Device.cpp">
      <Filter>소스 파일\00. Engine</Filter>
    </ClCompile>
    <ClCompile Include="Js_Window.cpp">
      <Filter>소스 파일\00. Engine</Filter>
    </ClCompile>
    <ClCompile Include="Js_DxObject.cpp">
      <Filter>소스 파일\10. GameObject</Filter>
    </ClCompile>
    <ClCompile Include="Js_Time.cpp">
      <Filter>소스 파일\99. Header\00. Time</Filter>
    </ClCompile>
    <ClCompile Include="Js_Input.cpp">
      <Filter>소스 파일\99. Header\01. Input</Filter>
    </ClCompile>
    <ClCompile Include="Js_DxWrite.cpp">
      <Filter>소스 파일\99. Header\02. Font</Filter>
    </ClCompile>
    <ClCompile Include="Js_Component.cpp">
      <Filter>소스 파일\02. Component</Filter>
    </ClCompile>
    <ClCompile Include="Js_VertexBuffer.cpp">
      <Filter>소스 파일\01. Graphics\01. InputAssembler</Filter>
    </ClCompile>
    <ClCompile Include="Js_Geometry.cpp">
      <Filter>소스 파일\01. Graphics\00. Geometry</Filter>
    </ClCompile>
    <ClCompile Include="Js_GeometryHelper.cpp">
      <Filter>소스 파일\01. Graphics\00. Geometry</Filter>
    </ClCompile>
    <ClCompile Include="Js_VertexData.cpp">
      <Filter>소스 파일\01. Graphics\00. Geometry</Filter>
    </ClCompile>
    <ClCompile Include="Js_IndexBuffer.cpp">
      <Filter>소스 파일\01. Graphics\01. InputAssembler</Filter>
    </ClCompile>
    <ClCompile Include="Js_InputLayout.cpp">
      <Filter>소스 파일\01. Graphics\01. InputAssembler</Filter>
    </ClCompile>
    <ClCompile Include="Js_ConstantBuffer.cpp">
      <Filter>소스 파일\01. Graphics\02. VertexShader</Filter>
    </ClCompile>
    <ClCompile Include="Js_RasterizerState.cpp">
      <Filter>소스 파일\01. Graphics\03. Rasterizer</Filter>
    </ClCompile>
    <ClCompile Include="Js_BlendState.cpp">
      <Filter>소스 파일\01. Graphics\05. OutputMerger</Filter>
    </ClCompile>
    <ClCompile Include="Js_SamplerState.cpp">
      <Filter>소스 파일\01. Graphics\04. PixelShader</Filter>
    </ClCompile>
    <ClCompile Include="Js_Pipeline.cpp">
      <Filter>소스 파일\01. Graphics</Filter>
    </ClCompile>
    <ClCompile Include="Js_MoveScripts.cpp">
      <Filter>소스 파일\04. Scripts</Filter>
    </ClCompile>
    <ClCompile Include="Js_RotateScript.cpp">
      <Filter>소스 파일\04. Scripts</Filter>
    </ClCompile>
    <ClCompile Include="Js_Transform.cpp">
      <Filter>소스 파일\02. Component\00. Transform</Filter>
    </ClCompile>
    <ClCompile Include="Js_MeshRenderer.cpp">
      <Filter>소스 파일\02. Component\01. Render</Filter>
    </ClCompile>
    <ClCompile Include="Js_MonoBehaviour.cpp">
      <Filter>소스 파일\02. Component\02. Scripts</Filter>
    </ClCompile>
    <ClCompile Include="Js_Camera.cpp">
      <Filter>소스 파일\02. Component\03. Camera</Filter>
    </ClCompile>
    <ClCompile Include="Js_Collider.cpp">
      <Filter>소스 파일\02. Component\04. Collision</Filter>
    </ClCompile>
    <ClCompile Include="Js_Resource.cpp">
      <Filter>소스 파일\03. Resource</Filter>
    </ClCompile>
    <ClCompile Include="Js_Scene.cpp">
      <Filter>소스 파일\05. Scene</Filter>
    </ClCompile>
    <ClCompile Include="Js_Texture.cpp">
      <Filter>소스 파일\03. Resource\02. Texture</Filter>
    </ClCompile>
    <ClCompile Include="Js_TitleScene.cpp">
      <Filter>소스 파일\05. Scene\SuperMario</Filter>
    </ClCompile>
    <ClCompile Include="Js_Player.cpp">
      <Filter>소스 파일\10. GameObject</Filter>
    </ClCompile>
    <ClCompile Include="Js_Fireball.cpp">
      <Filter>소스 파일\10. GameObject</Filter>
    </ClCompile>
    <ClCompile Include="Js_Mesh.cpp">
      <Filter>소스 파일\03. Resource\00. Mesh</Filter>
    </ClCompile>
    <ClCompile Include="Js_ShaderBase.cpp">
      <Filter>소스 파일\01. Graphics\02. VertexShader</Filter>
    </ClCompile>
    <ClCompile Include="Js_Shader.cpp">
      <Filter>소스 파일\03. Resource\01. Shader</Filter>
    </ClCompile>
    <ClCompile Include="Js_Material.cpp">
      <Filter>소스 파일\03. Resource\04. Material</Filter>
    </ClCompile>
    <ClCompile Include="Js_Animator.cpp">
      <Filter>소스 파일\02. Component\05. Animator</Filter>
    </ClCompile>
    <ClCompile Include="Js_Animation.cpp">
      <Filter>소스 파일\03. Resource\05. Animation</Filter>
    </ClCompile>
    <ClCompile Include="Js_SceneManager.cpp">
      <Filter>소스 파일\06. Manager</Filter>
    </ClCompile>
    <ClCompile Include="Js_ResourceManager.cpp">
      <Filter>소스 파일\06. Manager</Filter>
    </ClCompile>
    <ClCompile Include="Js_RenderManager.cpp">
      <Filter>소스 파일\06. Manager</Filter>
    </ClCompile>
    <ClCompile Include="Js_Rigidbody.cpp">
      <Filter>소스 파일\02. Component\06. Rigidbody</Filter>
    </ClCompile>
    <ClCompile Include="Js_CollisionManager.cpp">
      <Filter>소스 파일\06. Manager</Filter>
    </ClCompile>
    <ClCompile Include="Js_DefaultMoveScript.cpp">
      <Filter>소스 파일\04. Scripts\Monster</Filter>
    </ClCompile>
    <ClCompile Include="Js_PlayerScript.cpp">
      <Filter>소스 파일\04. Scripts\Mario</Filter>
    </ClCompile>
    <ClCompile Include="Js_MarioScript.cpp">
      <Filter>소스 파일\04. Scripts\Mario</Filter>
    </ClCompile>
    <ClCompile Include="Js_Sound.cpp">
      <Filter>소스 파일\03. Resource\06. Sound</Filter>
    </ClCompile>
    <ClCompile Include="Js_ClearScene.cpp">
      <Filter>소스 파일\05. Scene\SuperMario</Filter>
    </ClCompile>
    <ClCompile Include="Js_RobbyScene.cpp">
      <Filter>소스 파일\05. Scene\SuperMario</Filter>
    </ClCompile>
    <ClCompile Include="Js_PlayScene.cpp">
      <Filter>소스 파일\05. Scene\SuperMario</Filter>
    </ClCompile>
    <ClCompile Include="Js_FollowTargetScript.cpp">
      <Filter>소스 파일\04. Scripts\Camera</Filter>
    </ClCompile>
    <ClCompile Include="Js_MarioCameraScript.cpp">
      <Filter>소스 파일\04. Scripts\Camera</Filter>
    </ClCompile>
    <ClCompile Include="Js_SoundManager.cpp">
      <Filter>소스 파일\06. Manager</Filter>
    </ClCompile>
    <ClCompile Include="Js_FlagScript.cpp">
      <Filter>소스 파일\04. Scripts\Object</Filter>
    </ClCompile>
    <ClCompile Include="Js_FireballScript.cpp">
      <Filter>소스 파일\04. Scripts\Mario</Filter>
    </ClCompile>
    <ClCompile Include="Js_EndLineScript.cpp">
      <Filter>소스 파일\04. Scripts\Object</Filter>
    </ClCompile>
    <ClCompile Include="Js_MushroomWallScript.cpp">
      <Filter>소스 파일\04. Scripts\Object</Filter>
    </ClCompile>
    <ClCompile Include="Js_GoombaScript.cpp">
      <Filter>소스 파일\04. Scripts\Monster</Filter>
    </ClCompile>
    <ClCompile Include="Js_MushroomScript.cpp">
      <Filter>소스 파일\04. Scripts\Object</Filter>
    </ClCompile>
    <ClCompile Include="Js_EndPointScript.cpp">
      <Filter>소스 파일\04. Scripts\Object</Filter>
    </ClCompile>
    <ClCompile Include="Js_KoopaScript.cpp">
      <Filter>소스 파일\04. Scripts\Monster</Filter>
    </ClCompile>
  </ItemGroup>
  <ItemGroup>
    <ClInclude Include="Js_Core.h">
      <Filter>소스 파일\00. Engine</Filter>
    </ClInclude>
    <ClInclude Include="Js_Device.h">
      <Filter>소스 파일\00. Engine</Filter>
    </ClInclude>
    <ClInclude Include="Js_Window.h">
      <Filter>소스 파일\00. Engine</Filter>
    </ClInclude>
    <ClInclude Include="Js_DxObject.h">
      <Filter>소스 파일\10. GameObject</Filter>
    </ClInclude>
    <ClInclude Include="Js_Time.h">
      <Filter>소스 파일\99. Header\00. Time</Filter>
    </ClInclude>
    <ClInclude Include="Js_Input.h">
      <Filter>소스 파일\99. Header\01. Input</Filter>
    </ClInclude>
    <ClInclude Include="std.h">
      <Filter>소스 파일\99. Header\99. Utils</Filter>
    </ClInclude>
    <ClInclude Include="struct.h">
      <Filter>소스 파일\99. Header\99. Utils</Filter>
    </ClInclude>
    <ClInclude Include="Entity.h">
      <Filter>소스 파일\99. Header\99. Utils</Filter>
    </ClInclude>
    <ClInclude Include="macro.h">
      <Filter>소스 파일\99. Header\99. Utils</Filter>
    </ClInclude>
    <ClInclude Include="type.h">
      <Filter>소스 파일\99. Header\99. Utils</Filter>
    </ClInclude>
    <ClInclude Include="value.h">
      <Filter>소스 파일\99. Header\99. Utils</Filter>
    </ClInclude>
    <ClInclude Include="targetver.h">
      <Filter>소스 파일\99. Header\98. Etc</Filter>
    </ClInclude>
    <ClInclude Include="Resource.h">
      <Filter>소스 파일\99. Header\98. Etc</Filter>
    </ClInclude>
    <ClInclude Include="Js_Engine.h">
      <Filter>소스 파일\99. Header\98. Etc</Filter>
    </ClInclude>
    <ClInclude Include="framework.h">
      <Filter>소스 파일\99. Header\98. Etc</Filter>
    </ClInclude>
    <ClInclude Include="Js_DxWrite.h">
      <Filter>소스 파일\99. Header\02. Font</Filter>
    </ClInclude>
    <ClInclude Include="Js_Component.h">
      <Filter>소스 파일\02. Component</Filter>
    </ClInclude>
    <ClInclude Include="Js_VertexBuffer.h">
      <Filter>소스 파일\01. Graphics\01. InputAssembler</Filter>
    </ClInclude>
    <ClInclude Include="Js_Geometry.h">
      <Filter>소스 파일\01. Graphics\00. Geometry</Filter>
    </ClInclude>
    <ClInclude Include="Js_GeometryHelper.h">
      <Filter>소스 파일\01. Graphics\00. Geometry</Filter>
    </ClInclude>
    <ClInclude Include="Js_VertexData.h">
      <Filter>소스 파일\01. Graphics\00. Geometry</Filter>
    </ClInclude>
    <ClInclude Include="Js_IndexBuffer.h">
      <Filter>소스 파일\01. Graphics\01. InputAssembler</Filter>
    </ClInclude>
    <ClInclude Include="Js_InputLayout.h">
      <Filter>소스 파일\01. Graphics\01. InputAssembler</Filter>
    </ClInclude>
    <ClInclude Include="Js_ConstantBuffer.h">
      <Filter>소스 파일\01. Graphics\02. VertexShader</Filter>
    </ClInclude>
    <ClInclude Include="Js_RasterizerState.h">
      <Filter>소스 파일\01. Graphics\03. Rasterizer</Filter>
    </ClInclude>
    <ClInclude Include="Js_BlendState.h">
      <Filter>소스 파일\01. Graphics\05. OutputMerger</Filter>
    </ClInclude>
    <ClInclude Include="Js_SamplerState.h">
      <Filter>소스 파일\01. Graphics\04. PixelShader</Filter>
    </ClInclude>
    <ClInclude Include="Js_Pipeline.h">
      <Filter>소스 파일\01. Graphics</Filter>
    </ClInclude>
    <ClInclude Include="Js_MoveScripts.h">
      <Filter>소스 파일\04. Scripts</Filter>
    </ClInclude>
    <ClInclude Include="Js_RotateScript.h">
      <Filter>소스 파일\04. Scripts</Filter>
    </ClInclude>
    <ClInclude Include="Js_Transform.h">
      <Filter>소스 파일\02. Component\00. Transform</Filter>
    </ClInclude>
    <ClInclude Include="Js_MeshRenderer.h">
      <Filter>소스 파일\02. Component\01. Render</Filter>
    </ClInclude>
    <ClInclude Include="Js_MonoBehaviour.h">
      <Filter>소스 파일\02. Component\02. Scripts</Filter>
    </ClInclude>
    <ClInclude Include="Js_Camera.h">
      <Filter>소스 파일\02. Component\03. Camera</Filter>
    </ClInclude>
    <ClInclude Include="Js_Collider.h">
      <Filter>소스 파일\02. Component\04. Collision</Filter>
    </ClInclude>
    <ClInclude Include="Js_Resource.h">
      <Filter>소스 파일\03. Resource</Filter>
    </ClInclude>
    <ClInclude Include="Js_Scene.h">
      <Filter>소스 파일\05. Scene</Filter>
    </ClInclude>
    <ClInclude Include="Js_Texture.h">
      <Filter>소스 파일\03. Resource\02. Texture</Filter>
    </ClInclude>
    <ClInclude Include="Js_TitleScene.h">
      <Filter>소스 파일\05. Scene\SuperMario</Filter>
    </ClInclude>
    <ClInclude Include="Js_Object.h">
      <Filter>소스 파일\10. GameObject</Filter>
    </ClInclude>
    <ClInclude Include="Js_Player.h">
      <Filter>소스 파일\10. GameObject</Filter>
    </ClInclude>
    <ClInclude Include="Js_Fireball.h">
      <Filter>소스 파일\10. GameObject</Filter>
    </ClInclude>
    <ClInclude Include="Js_Mesh.h">
      <Filter>소스 파일\03. Resource\00. Mesh</Filter>
    </ClInclude>
    <ClInclude Include="Js_ShaderBase.h">
      <Filter>소스 파일\01. Graphics\02. VertexShader</Filter>
    </ClInclude>
    <ClInclude Include="Js_Shader.h">
      <Filter>소스 파일\03. Resource\01. Shader</Filter>
    </ClInclude>
    <ClInclude Include="Js_Material.h">
      <Filter>소스 파일\03. Resource\04. Material</Filter>
    </ClInclude>
    <ClInclude Include="Js_Animator.h">
      <Filter>소스 파일\02. Component\05. Animator</Filter>
    </ClInclude>
    <ClInclude Include="Js_Animation.h">
      <Filter>소스 파일\03. Resource\05. Animation</Filter>
    </ClInclude>
    <ClInclude Include="Js_SceneManager.h">
      <Filter>소스 파일\06. Manager</Filter>
    </ClInclude>
    <ClInclude Include="Js_ResourceManager.h">
      <Filter>소스 파일\06. Manager</Filter>
    </ClInclude>
    <ClInclude Include="Js_RenderManager.h">
      <Filter>소스 파일\06. Manager</Filter>
    </ClInclude>
    <ClInclude Include="Js_Rigidbody.h">
      <Filter>소스 파일\02. Component\06. Rigidbody</Filter>
    </ClInclude>
    <ClInclude Include="Js_CollisionManager.h">
      <Filter>소스 파일\06. Manager</Filter>
    </ClInclude>
    <ClInclude Include="Js_DefaultMoveScript.h">
      <Filter>소스 파일\04. Scripts\Monster</Filter>
    </ClInclude>
    <ClInclude Include="Js_PlayerScript.h">
      <Filter>소스 파일\04. Scripts\Mario</Filter>
    </ClInclude>
    <ClInclude Include="Js_MarioScript.h">
      <Filter>소스 파일\04. Scripts\Mario</Filter>
    </ClInclude>
    <ClInclude Include="Js_Sound.h">
      <Filter>소스 파일\03. Resource\06. Sound</Filter>
    </ClInclude>
    <ClInclude Include="Js_ClearScene.h">
      <Filter>소스 파일\05. Scene\SuperMario</Filter>
    </ClInclude>
    <ClInclude Include="Js_RobbyScene.h">
      <Filter>소스 파일\05. Scene\SuperMario</Filter>
    </ClInclude>
    <ClInclude Include="Js_PlayScene.h">
      <Filter>소스 파일\05. Scene\SuperMario</Filter>
    </ClInclude>
    <ClInclude Include="Js_FollowTargetScript.h">
      <Filter>소스 파일\04. Scripts\Camera</Filter>
    </ClInclude>
    <ClInclude Include="Js_MarioCameraScript.h">
      <Filter>소스 파일\04. Scripts\Camera</Filter>
    </ClInclude>
    <ClInclude Include="Js_SoundManager.h">
      <Filter>소스 파일\06. Manager</Filter>
    </ClInclude>
    <ClInclude Include="Js_FlagScript.h">
      <Filter>소스 파일\04. Scripts\Object</Filter>
    </ClInclude>
    <ClInclude Include="Js_FireballScript.h">
      <Filter>소스 파일\04. Scripts\Mario</Filter>
    </ClInclude>
    <ClInclude Include="Js_EndLineScript.h">
      <Filter>소스 파일\04. Scripts\Object</Filter>
    </ClInclude>
    <ClInclude Include="Js_MushroomWallScript.h">
      <Filter>소스 파일\04. Scripts\Object</Filter>
    </ClInclude>
    <ClInclude Include="Js_GoombaScript.h">
      <Filter>소스 파일\04. Scripts\Monster</Filter>
    </ClInclude>
    <ClInclude Include="Js_MushroomScript.h">
      <Filter>소스 파일\04. Scripts\Object</Filter>
    </ClInclude>
    <ClInclude Include="Js_EndPointScript.h">
      <Filter>소스 파일\04. Scripts\Object</Filter>
    </ClInclude>
    <ClInclude Include="Js_KoopaScript.h">
      <Filter>소스 파일\04. Scripts\Monster</Filter>
    </ClInclude>
  </ItemGroup>
  <ItemGroup>
    <Image Include="Js_Engine.ico">
      <Filter>리소스 파일</Filter>
    </Image>
    <Image Include="small.ico">
      <Filter>리소스 파일</Filter>
    </Image>
  </ItemGroup>
  <ItemGroup>
    <Text Include="PS.txt">
      <Filter>소스 파일\98. Shader</Filter>
    </Text>
    <Text Include="VS.txt">
      <Filter>소스 파일\98. Shader</Filter>
    </Text>
  </ItemGroup>
  <ItemGroup>
    <Filter Include="리소스 파일">
      <UniqueIdentifier>{d7100b54-631b-4bd8-9af2-c3566f9ccb10}</UniqueIdentifier>
    </Filter>
    <Filter Include="소스 파일">
      <UniqueIdentifier>{d2cf5fa0-4450-4e36-8faa-7411f2f0e86b}</UniqueIdentifier>
    </Filter>
    <Filter Include="소스 파일\00. Engine">
      <UniqueIdentifier>{21a43c1b-997c-4a2c-9f2a-f84c4b64ef98}</UniqueIdentifier>
    </Filter>
    <Filter Include="소스 파일\98. Shader">
      <UniqueIdentifier>{03d1997b-c7c6-49ad-b7dd-d16d7a7846cc}</UniqueIdentifier>
    </Filter>
    <Filter Include="소스 파일\02. Component">
      <UniqueIdentifier>{d21a25fa-88e2-4333-bf8c-faf172a7f5fb}</UniqueIdentifier>
    </Filter>
    <Filter Include="소스 파일\03. Resource">
      <UniqueIdentifier>{0c70e67b-5e98-4f6d-81d6-7417688b15cd}</UniqueIdentifier>
    </Filter>
    <Filter Include="소스 파일\04. Scripts">
      <UniqueIdentifier>{b80293d9-8fc8-4e97-a4d7-bf94e2b9a40a}</UniqueIdentifier>
    </Filter>
    <Filter Include="소스 파일\02. Component\00. Transform">
      <UniqueIdentifier>{a3f0fb73-6d53-4ada-853e-25aa562356f6}</UniqueIdentifier>
    </Filter>
    <Filter Include="소스 파일\02. Component\02. Scripts">
      <UniqueIdentifier>{b9c708b0-c128-41ad-ada1-a958e9b1301a}</UniqueIdentifier>
    </Filter>
    <Filter Include="소스 파일\02. Component\03. Camera">
      <UniqueIdentifier>{678f47a5-d3e1-44b7-8edc-136fe7969f59}</UniqueIdentifier>
    </Filter>
    <Filter Include="소스 파일\02. Component\04. Collision">
      <UniqueIdentifier>{f262da80-ccc2-4120-9512-ad50d40aab71}</UniqueIdentifier>
    </Filter>
    <Filter Include="소스 파일\10. GameObject">
      <UniqueIdentifier>{f1d04c6d-27bd-4457-82a8-17650714ab57}</UniqueIdentifier>
    </Filter>
    <Filter Include="소스 파일\05. Scene">
      <UniqueIdentifier>{9150e9ee-776e-4215-ac2e-fbdb2d431c4f}</UniqueIdentifier>
    </Filter>
    <Filter Include="소스 파일\03. Resource\00. Mesh">
      <UniqueIdentifier>{1ad2d33d-a7b5-4ff3-aea8-ca33e67783e2}</UniqueIdentifier>
    </Filter>
    <Filter Include="소스 파일\03. Resource\01. Shader">
      <UniqueIdentifier>{0d5e73fe-07c7-49ac-896f-827dea3c6c08}</UniqueIdentifier>
    </Filter>
    <Filter Include="소스 파일\03. Resource\02. Texture">
      <UniqueIdentifier>{253c66ee-bbf6-4862-ae09-da6602a25f4d}</UniqueIdentifier>
    </Filter>
    <Filter Include="소스 파일\05. Scene\SuperMario">
      <UniqueIdentifier>{8a6b52ff-cf58-415c-bff9-8ad06721cb7e}</UniqueIdentifier>
    </Filter>
    <Filter Include="소스 파일\01. Graphics">
      <UniqueIdentifier>{0cb8be80-8591-455c-9312-618567b70be2}</UniqueIdentifier>
    </Filter>
    <Filter Include="소스 파일\01. Graphics\00. Geometry">
      <UniqueIdentifier>{045d34a7-b407-43d7-aa4c-394b4124c42c}</UniqueIdentifier>
    </Filter>
    <Filter Include="소스 파일\01. Graphics\01. InputAssembler">
      <UniqueIdentifier>{13a850a2-bb9e-40d5-ba23-94ece77581fd}</UniqueIdentifier>
    </Filter>
    <Filter Include="소스 파일\01. Graphics\02. VertexShader">
      <UniqueIdentifier>{44a96b03-33dd-42d3-950b-ae3629f76619}</UniqueIdentifier>
    </Filter>
    <Filter Include="소스 파일\01. Graphics\03. Rasterizer">
      <UniqueIdentifier>{403ded74-4d7e-4926-9a8b-f49b2223a512}</UniqueIdentifier>
    </Filter>
    <Filter Include="소스 파일\01. Graphics\04. PixelShader">
      <UniqueIdentifier>{f86ae00a-67a2-4c6d-b6e7-51c3566a855a}</UniqueIdentifier>
    </Filter>
    <Filter Include="소스 파일\01. Graphics\05. OutputMerger">
      <UniqueIdentifier>{bb674cf5-674e-415e-b44f-5acff175d0d2}</UniqueIdentifier>
    </Filter>
    <Filter Include="소스 파일\02. Component\01. Render">
      <UniqueIdentifier>{9ba55449-3f40-4fbd-a32e-3f79e791f379}</UniqueIdentifier>
    </Filter>
    <Filter Include="소스 파일\03. Resource\04. Material">
      <UniqueIdentifier>{f5f31163-c8d0-435c-ab06-0296d9fef2c6}</UniqueIdentifier>
    </Filter>
    <Filter Include="소스 파일\02. Component\05. Animator">
      <UniqueIdentifier>{87a44f06-216f-4bed-8835-96a30b914f5f}</UniqueIdentifier>
    </Filter>
    <Filter Include="소스 파일\03. Resource\05. Animation">
      <UniqueIdentifier>{691103d3-d37a-49a2-a799-493234a4a4c1}</UniqueIdentifier>
    </Filter>
    <Filter Include="소스 파일\06. Manager">
      <UniqueIdentifier>{ba058e92-0593-4d13-be9e-8599373edaaa}</UniqueIdentifier>
    </Filter>
    <Filter Include="소스 파일\99. Header">
      <UniqueIdentifier>{93acba8f-e4b0-4611-adb4-e57ef490e31e}</UniqueIdentifier>
    </Filter>
    <Filter Include="소스 파일\99. Header\00. Time">
      <UniqueIdentifier>{7e7d4670-5cd0-4483-a5db-2895638e2c20}</UniqueIdentifier>
    </Filter>
    <Filter Include="소스 파일\99. Header\01. Input">
      <UniqueIdentifier>{52e8d060-1077-4666-90a9-a077636431d9}</UniqueIdentifier>
    </Filter>
    <Filter Include="소스 파일\99. Header\99. Utils">
      <UniqueIdentifier>{51c6ca69-82b8-4b31-950f-152c327f345e}</UniqueIdentifier>
    </Filter>
    <Filter Include="소스 파일\99. Header\03. Write">
      <UniqueIdentifier>{42464717-5cdf-4753-9d0e-e8133182a774}</UniqueIdentifier>
    </Filter>
    <Filter Include="소스 파일\99. Header\98. Etc">
      <UniqueIdentifier>{72859e4c-cf67-4b36-a7df-58a35280df0a}</UniqueIdentifier>
    </Filter>
    <Filter Include="소스 파일\99. Header\02. Font">
      <UniqueIdentifier>{58907359-fbd0-45e7-8684-a14bbe0e633a}</UniqueIdentifier>
    </Filter>
    <Filter Include="소스 파일\02. Component\06. Rigidbody">
      <UniqueIdentifier>{cfc370c2-614a-44ac-9c91-935f5968d05c}</UniqueIdentifier>
    </Filter>
    <Filter Include="소스 파일\04. Scripts\Monster">
      <UniqueIdentifier>{baec13ff-747f-4786-808e-cbf057d76e7e}</UniqueIdentifier>
    </Filter>
    <Filter Include="소스 파일\04. Scripts\Mario">
      <UniqueIdentifier>{ed521778-021e-44e5-a20d-124d947e4bb4}</UniqueIdentifier>
    </Filter>
    <Filter Include="소스 파일\03. Resource\06. Sound">
      <UniqueIdentifier>{7e4bc6f7-f065-4c5a-98ff-4a7653b4743f}</UniqueIdentifier>
    </Filter>
    <Filter Include="소스 파일\04. Scripts\Camera">
      <UniqueIdentifier>{6c340f23-9687-4176-830f-0b73037990ad}</UniqueIdentifier>
    </Filter>
    <Filter Include="소스 파일\04. Scripts\Object">
      <UniqueIdentifier>{bc44f135-1459-491b-a6a5-3f74d84632a3}</UniqueIdentifier>
    </Filter>
  </ItemGroup>
  <ItemGroup>
    <ResourceCompile Include="Js_Engine.rc">
      <Filter>리소스 파일</Filter>
    </ResourceCompile>
  </ItemGroup>
  <ItemGroup>
    <FxCompile Include="Default.hlsl">
      <Filter>소스 파일\98. Shader</Filter>
    </FxCompile>
    <FxCompile Include="Nomal.hlsl">
      <Filter>소스 파일\98. Shader</Filter>
    </FxCompile>
  </ItemGroup>
</Project>